<?xml version="1.0" encoding="UTF-8" standalone="yes" ?>
<CodeBlocks_project_file>
	<FileVersion major="1" minor="6" />
	<Project>
		<Option title="QtRenderTool" />
		<Option pch_mode="2" />
		<Option compiler="gcc" />
		<Build>
			<Target title="Debug">
				<Option output="bin/Debug/QtRenderTool" prefix_auto="1" extension_auto="1" />
				<Option object_output="obj/Debug/" />
				<Option type="1" />
				<Option compiler="gcc" />
				<Compiler>
					<Add option="-g" />
				</Compiler>
			</Target>
			<Target title="Release">
				<Option output="bin/Release/QtRenderTool" prefix_auto="1" extension_auto="1" />
				<Option object_output="obj/Release/" />
				<Option type="1" />
				<Option compiler="gcc" />
				<Compiler>
					<Add option="-O2" />
				</Compiler>
				<Linker>
					<Add option="-s" />
				</Linker>
			</Target>
		</Build>
		<Compiler>
			<Add option="-Wall" />
			<Add option="-fPIC" />
			<Add directory="../../../GitDemo/vcu/TCCodec_VCU_Linux/MultimediaPlatformAlignTrans/Document/QtDemo/Qt5.12.8/Linux/include" />
			<Add directory="../.." />
		</Compiler>
		<Linker>
			<Add option="-Wl,--unresolved-symbols=report-all" />
			<Add option="-Wl,-Bsymbolic" />
			<Add library="libQt5Core" />
			<Add library="libQt5Gui" />
			<Add library="libQt5Widgets" />
			<Add library="pthread" />
			<Add directory="../../../GitDemo/vcu/TCCodec_VCU_Linux/MultimediaPlatformAlignTrans/Document/QtDemo/Qt5.12.8/Linux/lib" />
		</Linker>
		<Unit filename="../../QtRenderTool/QtRenderTool.cpp" />
		<Unit filename="../../QtRenderTool/QtRenderTool.h" />
		<Unit filename="../../QtRenderTool/QtRenderTool.ui" />
		<Unit filename="../../QtRenderTool/Socket.cpp" />
		<Unit filename="../../QtRenderTool/Socket.h" />
		<Unit filename="../../QtRenderTool/main.cpp" />
		<Extensions>
			<envvars />
			<code_completion />
			<debugger />
		</Extensions>
	</Project>
</CodeBlocks_project_file>
