<?xml version="1.0" encoding="UTF-8" standalone="yes" ?>
<CodeBlocks_project_file>
	<FileVersion major="1" minor="6" />
	<Project>
		<Option title="TestDemo" />
		<Option pch_mode="2" />
		<Option compiler="gcc" />
		<Build>
			<Target title="Debug x64">
				<Option output="../../Install/Linux/x64/Debug/TestDemo" prefix_auto="1" extension_auto="1" />
				<Option type="0" />
				<Option compiler="gcc" />
				<Compiler>
					<Add option="-g" />
					<Add option="-D_DEBUG" />
					<Add option="-D_CONSOLE" />
					<Add directory="../../Install/Linux/x64/Debug" />
				</Compiler>
				<Linker>
					<Add directory="../../Install/Linux/x64/Debug" />
				</Linker>
			</Target>
			<Target title="Release x64">
				<Option output="../../Install/Linux/x64/Release/TestDemo" prefix_auto="1" extension_auto="1" />
				<Option type="0" />
				<Option compiler="gcc" />
				<Compiler>
					<Add option="-O1" />
					<Add option="-DNDEBUG" />
					<Add option="-D_CONSOLE" />
					<Add directory="../../Install/Linux/x64/Release" />
				</Compiler>
				<Linker>
					<Add option="-s" />
					<Add directory="../../Install/Linux/x64/Release" />
				</Linker>
			</Target>
		</Build>
		<Compiler>
			<Add directory="../.." />
		</Compiler>
		<Linker>
			<Add library="libImageDisplayTool.a" />
			<Add library="libGL" />
		</Linker>
		<Unit filename="../../TestDemo/main.cpp" />
		<Extensions>
			<envvars />
			<code_completion />
			<debugger />
		</Extensions>
	</Project>
</CodeBlocks_project_file>
